// !$*UTF8*$!
{
	archiveVersion = 1;
	classes = {
	};
	objectVersion = 55;
	objects = {

/* Begin PBXBuildFile section */
		D408277F27F534C800A0A940 /* NetworkManager.swift in Sources */ = {isa = PBXBuildFile; fileRef = D408277E27F534C800A0A940 /* NetworkManager.swift */; };
		D408278627F53AC300A0A940 /* EventsPresenter.swift in Sources */ = {isa = PBXBuildFile; fileRef = D408278027F53AC300A0A940 /* EventsPresenter.swift */; };
		D408278727F53AC300A0A940 /* EventsWorker.swift in Sources */ = {isa = PBXBuildFile; fileRef = D408278127F53AC300A0A940 /* EventsWorker.swift */; };
		D408278827F53AC300A0A940 /* EventsRouter.swift in Sources */ = {isa = PBXBuildFile; fileRef = D408278227F53AC300A0A940 /* EventsRouter.swift */; };
		D408278927F53AC300A0A940 /* EventsModels.swift in Sources */ = {isa = PBXBuildFile; fileRef = D408278327F53AC300A0A940 /* EventsModels.swift */; };
		D408278A27F53AC300A0A940 /* EventsViewController.swift in Sources */ = {isa = PBXBuildFile; fileRef = D408278427F53AC300A0A940 /* EventsViewController.swift */; };
		D408278B27F53AC300A0A940 /* EventsInteractor.swift in Sources */ = {isa = PBXBuildFile; fileRef = D408278527F53AC300A0A940 /* EventsInteractor.swift */; };
		D408279227F53D7B00A0A940 /* OddsPresenter.swift in Sources */ = {isa = PBXBuildFile; fileRef = D408278C27F53D7B00A0A940 /* OddsPresenter.swift */; };
		D408279327F53D7B00A0A940 /* OddsWorker.swift in Sources */ = {isa = PBXBuildFile; fileRef = D408278D27F53D7B00A0A940 /* OddsWorker.swift */; };
		D408279427F53D7B00A0A940 /* OddsRouter.swift in Sources */ = {isa = PBXBuildFile; fileRef = D408278E27F53D7B00A0A940 /* OddsRouter.swift */; };
		D408279527F53D7B00A0A940 /* OddsModels.swift in Sources */ = {isa = PBXBuildFile; fileRef = D408278F27F53D7B00A0A940 /* OddsModels.swift */; };
		D408279627F53D7B00A0A940 /* OddsViewController.swift in Sources */ = {isa = PBXBuildFile; fileRef = D408279027F53D7B00A0A940 /* OddsViewController.swift */; };
		D408279727F53D7B00A0A940 /* OddsInteractor.swift in Sources */ = {isa = PBXBuildFile; fileRef = D408279127F53D7B00A0A940 /* OddsInteractor.swift */; };
		D408279A27F65B0200A0A940 /* EventsTableViewDelegate.swift in Sources */ = {isa = PBXBuildFile; fileRef = D408279927F65B0200A0A940 /* EventsTableViewDelegate.swift */; };
		D408279C27F65B0C00A0A940 /* EventsTableViewDataSource.swift in Sources */ = {isa = PBXBuildFile; fileRef = D408279B27F65B0C00A0A940 /* EventsTableViewDataSource.swift */; };
		D408279E27F65B4200A0A940 /* EventTableViewCell.swift in Sources */ = {isa = PBXBuildFile; fileRef = D408279D27F65B4200A0A940 /* EventTableViewCell.swift */; };
		D40827AB27F6691400A0A940 /* ProgressHUD in Frameworks */ = {isa = PBXBuildFile; productRef = D40827AA27F6691400A0A940 /* ProgressHUD */; };
		D42140E527F52BB70026F363 /* Moya in Frameworks */ = {isa = PBXBuildFile; productRef = D42140E427F52BB70026F363 /* Moya */; };
		D42140E827F52C080026F363 /* PromiseKit in Frameworks */ = {isa = PBXBuildFile; productRef = D42140E727F52C080026F363 /* PromiseKit */; };
		D42140EA27F52C160026F363 /* Moya+PromiseKit.swift in Sources */ = {isa = PBXBuildFile; fileRef = D42140E927F52C160026F363 /* Moya+PromiseKit.swift */; };
		D42140EC27F52C870026F363 /* UIViewController+Extension.swift in Sources */ = {isa = PBXBuildFile; fileRef = D42140EB27F52C870026F363 /* UIViewController+Extension.swift */; };
		D42140EE27F52DC00026F363 /* SportsAPI.swift in Sources */ = {isa = PBXBuildFile; fileRef = D42140ED27F52DC00026F363 /* SportsAPI.swift */; };
		D42140F127F5319B0026F363 /* SportsModel.swift in Sources */ = {isa = PBXBuildFile; fileRef = D42140F027F5319B0026F363 /* SportsModel.swift */; };
		D42140F327F533A10026F363 /* OddsModel.swift in Sources */ = {isa = PBXBuildFile; fileRef = D42140F227F533A10026F363 /* OddsModel.swift */; };
		D462F2AB27F5287A00152BB5 /* AppDelegate.swift in Sources */ = {isa = PBXBuildFile; fileRef = D462F2AA27F5287A00152BB5 /* AppDelegate.swift */; };
		D462F2AD27F5287A00152BB5 /* SceneDelegate.swift in Sources */ = {isa = PBXBuildFile; fileRef = D462F2AC27F5287A00152BB5 /* SceneDelegate.swift */; };
		D462F2B227F5287A00152BB5 /* Sports.storyboard in Resources */ = {isa = PBXBuildFile; fileRef = D462F2B027F5287A00152BB5 /* Sports.storyboard */; };
		D462F2B427F5287C00152BB5 /* Assets.xcassets in Resources */ = {isa = PBXBuildFile; fileRef = D462F2B327F5287C00152BB5 /* Assets.xcassets */; };
		D462F2B727F5287C00152BB5 /* LaunchScreen.storyboard in Resources */ = {isa = PBXBuildFile; fileRef = D462F2B527F5287C00152BB5 /* LaunchScreen.storyboard */; };
		D462F2C227F5287C00152BB5 /* WagerTests.swift in Sources */ = {isa = PBXBuildFile; fileRef = D462F2C127F5287C00152BB5 /* WagerTests.swift */; };
		D462F2CC27F5287C00152BB5 /* WagerUITests.swift in Sources */ = {isa = PBXBuildFile; fileRef = D462F2CB27F5287C00152BB5 /* WagerUITests.swift */; };
		D462F2CE27F5287C00152BB5 /* WagerUITestsLaunchTests.swift in Sources */ = {isa = PBXBuildFile; fileRef = D462F2CD27F5287C00152BB5 /* WagerUITestsLaunchTests.swift */; };
/* End PBXBuildFile section */

/* Begin PBXContainerItemProxy section */
		D462F2BE27F5287C00152BB5 /* PBXContainerItemProxy */ = {
			isa = PBXContainerItemProxy;
			containerPortal = D462F29F27F5287A00152BB5 /* Project object */;
			proxyType = 1;
			remoteGlobalIDString = D462F2A627F5287A00152BB5;
			remoteInfo = Wager;
		};
		D462F2C827F5287C00152BB5 /* PBXContainerItemProxy */ = {
			isa = PBXContainerItemProxy;
			containerPortal = D462F29F27F5287A00152BB5 /* Project object */;
			proxyType = 1;
			remoteGlobalIDString = D462F2A627F5287A00152BB5;
			remoteInfo = Wager;
		};
/* End PBXContainerItemProxy section */

/* Begin PBXFileReference section */
		D408277E27F534C800A0A940 /* NetworkManager.swift */ = {isa = PBXFileReference; lastKnownFileType = sourcecode.swift; path = NetworkManager.swift; sourceTree = "<group>"; };
		D408278027F53AC300A0A940 /* EventsPresenter.swift */ = {isa = PBXFileReference; lastKnownFileType = sourcecode.swift; path = EventsPresenter.swift; sourceTree = "<group>"; };
		D408278127F53AC300A0A940 /* EventsWorker.swift */ = {isa = PBXFileReference; lastKnownFileType = sourcecode.swift; path = EventsWorker.swift; sourceTree = "<group>"; };
		D408278227F53AC300A0A940 /* EventsRouter.swift */ = {isa = PBXFileReference; lastKnownFileType = sourcecode.swift; path = EventsRouter.swift; sourceTree = "<group>"; };
		D408278327F53AC300A0A940 /* EventsModels.swift */ = {isa = PBXFileReference; lastKnownFileType = sourcecode.swift; path = EventsModels.swift; sourceTree = "<group>"; };
		D408278427F53AC300A0A940 /* EventsViewController.swift */ = {isa = PBXFileReference; lastKnownFileType = sourcecode.swift; path = EventsViewController.swift; sourceTree = "<group>"; };
		D408278527F53AC300A0A940 /* EventsInteractor.swift */ = {isa = PBXFileReference; lastKnownFileType = sourcecode.swift; path = EventsInteractor.swift; sourceTree = "<group>"; };
		D408278C27F53D7B00A0A940 /* OddsPresenter.swift */ = {isa = PBXFileReference; lastKnownFileType = sourcecode.swift; path = OddsPresenter.swift; sourceTree = "<group>"; };
		D408278D27F53D7B00A0A940 /* OddsWorker.swift */ = {isa = PBXFileReference; lastKnownFileType = sourcecode.swift; path = OddsWorker.swift; sourceTree = "<group>"; };
		D408278E27F53D7B00A0A940 /* OddsRouter.swift */ = {isa = PBXFileReference; lastKnownFileType = sourcecode.swift; path = OddsRouter.swift; sourceTree = "<group>"; };
		D408278F27F53D7B00A0A940 /* OddsModels.swift */ = {isa = PBXFileReference; lastKnownFileType = sourcecode.swift; path = OddsModels.swift; sourceTree = "<group>"; };
		D408279027F53D7B00A0A940 /* OddsViewController.swift */ = {isa = PBXFileReference; lastKnownFileType = sourcecode.swift; path = OddsViewController.swift; sourceTree = "<group>"; };
		D408279127F53D7B00A0A940 /* OddsInteractor.swift */ = {isa = PBXFileReference; lastKnownFileType = sourcecode.swift; path = OddsInteractor.swift; sourceTree = "<group>"; };
		D408279927F65B0200A0A940 /* EventsTableViewDelegate.swift */ = {isa = PBXFileReference; lastKnownFileType = sourcecode.swift; path = EventsTableViewDelegate.swift; sourceTree = "<group>"; };
		D408279B27F65B0C00A0A940 /* EventsTableViewDataSource.swift */ = {isa = PBXFileReference; lastKnownFileType = sourcecode.swift; path = EventsTableViewDataSource.swift; sourceTree = "<group>"; };
		D408279D27F65B4200A0A940 /* EventTableViewCell.swift */ = {isa = PBXFileReference; lastKnownFileType = sourcecode.swift; path = EventTableViewCell.swift; sourceTree = "<group>"; };
		D42140E927F52C160026F363 /* Moya+PromiseKit.swift */ = {isa = PBXFileReference; lastKnownFileType = sourcecode.swift; path = "Moya+PromiseKit.swift"; sourceTree = "<group>"; };
		D42140EB27F52C870026F363 /* UIViewController+Extension.swift */ = {isa = PBXFileReference; lastKnownFileType = sourcecode.swift; path = "UIViewController+Extension.swift"; sourceTree = "<group>"; };
		D42140ED27F52DC00026F363 /* SportsAPI.swift */ = {isa = PBXFileReference; lastKnownFileType = sourcecode.swift; path = SportsAPI.swift; sourceTree = "<group>"; };
		D42140F027F5319B0026F363 /* SportsModel.swift */ = {isa = PBXFileReference; lastKnownFileType = sourcecode.swift; path = SportsModel.swift; sourceTree = "<group>"; };
		D42140F227F533A10026F363 /* OddsModel.swift */ = {isa = PBXFileReference; lastKnownFileType = sourcecode.swift; path = OddsModel.swift; sourceTree = "<group>"; };
		D462F2A727F5287A00152BB5 /* Wager.app */ = {isa = PBXFileReference; explicitFileType = wrapper.application; includeInIndex = 0; path = Wager.app; sourceTree = BUILT_PRODUCTS_DIR; };
		D462F2AA27F5287A00152BB5 /* AppDelegate.swift */ = {isa = PBXFileReference; lastKnownFileType = sourcecode.swift; path = AppDelegate.swift; sourceTree = "<group>"; };
		D462F2AC27F5287A00152BB5 /* SceneDelegate.swift */ = {isa = PBXFileReference; lastKnownFileType = sourcecode.swift; path = SceneDelegate.swift; sourceTree = "<group>"; };
		D462F2B127F5287A00152BB5 /* Base */ = {isa = PBXFileReference; lastKnownFileType = file.storyboard; name = Base; path = Base.lproj/Sports.storyboard; sourceTree = "<group>"; };
		D462F2B327F5287C00152BB5 /* Assets.xcassets */ = {isa = PBXFileReference; lastKnownFileType = folder.assetcatalog; path = Assets.xcassets; sourceTree = "<group>"; };
		D462F2B627F5287C00152BB5 /* Base */ = {isa = PBXFileReference; lastKnownFileType = file.storyboard; name = Base; path = Base.lproj/LaunchScreen.storyboard; sourceTree = "<group>"; };
		D462F2B827F5287C00152BB5 /* Info.plist */ = {isa = PBXFileReference; lastKnownFileType = text.plist.xml; path = Info.plist; sourceTree = "<group>"; };
		D462F2BD27F5287C00152BB5 /* WagerTests.xctest */ = {isa = PBXFileReference; explicitFileType = wrapper.cfbundle; includeInIndex = 0; path = WagerTests.xctest; sourceTree = BUILT_PRODUCTS_DIR; };
		D462F2C127F5287C00152BB5 /* WagerTests.swift */ = {isa = PBXFileReference; lastKnownFileType = sourcecode.swift; path = WagerTests.swift; sourceTree = "<group>"; };
		D462F2C727F5287C00152BB5 /* WagerUITests.xctest */ = {isa = PBXFileReference; explicitFileType = wrapper.cfbundle; includeInIndex = 0; path = WagerUITests.xctest; sourceTree = BUILT_PRODUCTS_DIR; };
		D462F2CB27F5287C00152BB5 /* WagerUITests.swift */ = {isa = PBXFileReference; lastKnownFileType = sourcecode.swift; path = WagerUITests.swift; sourceTree = "<group>"; };
		D462F2CD27F5287C00152BB5 /* WagerUITestsLaunchTests.swift */ = {isa = PBXFileReference; lastKnownFileType = sourcecode.swift; path = WagerUITestsLaunchTests.swift; sourceTree = "<group>"; };
/* End PBXFileReference section */

/* Begin PBXFrameworksBuildPhase section */
		D462F2A427F5287A00152BB5 /* Frameworks */ = {
			isa = PBXFrameworksBuildPhase;
			buildActionMask = 2147483647;
			files = (
				D40827AB27F6691400A0A940 /* ProgressHUD in Frameworks */,
				D42140E527F52BB70026F363 /* Moya in Frameworks */,
				D42140E827F52C080026F363 /* PromiseKit in Frameworks */,
			);
			runOnlyForDeploymentPostprocessing = 0;
		};
		D462F2BA27F5287C00152BB5 /* Frameworks */ = {
			isa = PBXFrameworksBuildPhase;
			buildActionMask = 2147483647;
			files = (
			);
			runOnlyForDeploymentPostprocessing = 0;
		};
		D462F2C427F5287C00152BB5 /* Frameworks */ = {
			isa = PBXFrameworksBuildPhase;
			buildActionMask = 2147483647;
			files = (
			);
			runOnlyForDeploymentPostprocessing = 0;
		};
/* End PBXFrameworksBuildPhase section */

/* Begin PBXGroup section */
		D408279827F65AF000A0A940 /* TableViewItems */ = {
			isa = PBXGroup;
			children = (
				D408279927F65B0200A0A940 /* EventsTableViewDelegate.swift */,
				D408279B27F65B0C00A0A940 /* EventsTableViewDataSource.swift */,
				D408279D27F65B4200A0A940 /* EventTableViewCell.swift */,
			);
			path = TableViewItems;
			sourceTree = "<group>";
		};
		D408279F27F660EB00A0A940 /* Utils */ = {
			isa = PBXGroup;
			children = (
			);
			path = Utils;
			sourceTree = "<group>";
		};
		D462F29E27F5287A00152BB5 = {
			isa = PBXGroup;
			children = (
				D462F2A927F5287A00152BB5 /* Wager */,
				D462F2C027F5287C00152BB5 /* WagerTests */,
				D462F2CA27F5287C00152BB5 /* WagerUITests */,
				D462F2A827F5287A00152BB5 /* Products */,
			);
			sourceTree = "<group>";
		};
		D462F2A827F5287A00152BB5 /* Products */ = {
			isa = PBXGroup;
			children = (
				D462F2A727F5287A00152BB5 /* Wager.app */,
				D462F2BD27F5287C00152BB5 /* WagerTests.xctest */,
				D462F2C727F5287C00152BB5 /* WagerUITests.xctest */,
			);
			name = Products;
			sourceTree = "<group>";
		};
		D462F2A927F5287A00152BB5 /* Wager */ = {
			isa = PBXGroup;
			children = (
				D462F2DA27F528EF00152BB5 /* Application */,
				D462F2DB27F528FB00152BB5 /* Plists */,
				D462F2DC27F5290200152BB5 /* Assests */,
				D462F2DD27F5290900152BB5 /* Extensions */,
				D408279F27F660EB00A0A940 /* Utils */,
				D462F2DE27F5290D00152BB5 /* Models */,
				D462F2DF27F5291100152BB5 /* Networking */,
				D462F2E027F5291600152BB5 /* Storyboards */,
				D462F2E127F5291D00152BB5 /* EventsScene */,
				D462F2E227F5292300152BB5 /* OddsSecene */,
			);
			path = Wager;
			sourceTree = "<group>";
		};
		D462F2C027F5287C00152BB5 /* WagerTests */ = {
			isa = PBXGroup;
			children = (
				D462F2C127F5287C00152BB5 /* WagerTests.swift */,
			);
			path = WagerTests;
			sourceTree = "<group>";
		};
		D462F2CA27F5287C00152BB5 /* WagerUITests */ = {
			isa = PBXGroup;
			children = (
				D462F2CB27F5287C00152BB5 /* WagerUITests.swift */,
				D462F2CD27F5287C00152BB5 /* WagerUITestsLaunchTests.swift */,
			);
			path = WagerUITests;
			sourceTree = "<group>";
		};
		D462F2DA27F528EF00152BB5 /* Application */ = {
			isa = PBXGroup;
			children = (
				D462F2AA27F5287A00152BB5 /* AppDelegate.swift */,
				D462F2AC27F5287A00152BB5 /* SceneDelegate.swift */,
			);
			path = Application;
			sourceTree = "<group>";
		};
		D462F2DB27F528FB00152BB5 /* Plists */ = {
			isa = PBXGroup;
			children = (
				D462F2B827F5287C00152BB5 /* Info.plist */,
			);
			path = Plists;
			sourceTree = "<group>";
		};
		D462F2DC27F5290200152BB5 /* Assests */ = {
			isa = PBXGroup;
			children = (
				D462F2B327F5287C00152BB5 /* Assets.xcassets */,
			);
			path = Assests;
			sourceTree = "<group>";
		};
		D462F2DD27F5290900152BB5 /* Extensions */ = {
			isa = PBXGroup;
			children = (
				D42140E927F52C160026F363 /* Moya+PromiseKit.swift */,
				D42140EB27F52C870026F363 /* UIViewController+Extension.swift */,
			);
			path = Extensions;
			sourceTree = "<group>";
		};
		D462F2DE27F5290D00152BB5 /* Models */ = {
			isa = PBXGroup;
			children = (
				D42140F027F5319B0026F363 /* SportsModel.swift */,
				D42140F227F533A10026F363 /* OddsModel.swift */,
			);
			path = Models;
			sourceTree = "<group>";
		};
		D462F2DF27F5291100152BB5 /* Networking */ = {
			isa = PBXGroup;
			children = (
				D42140ED27F52DC00026F363 /* SportsAPI.swift */,
				D408277E27F534C800A0A940 /* NetworkManager.swift */,
			);
			path = Networking;
			sourceTree = "<group>";
		};
		D462F2E027F5291600152BB5 /* Storyboards */ = {
			isa = PBXGroup;
			children = (
				D462F2B527F5287C00152BB5 /* LaunchScreen.storyboard */,
				D462F2B027F5287A00152BB5 /* Sports.storyboard */,
			);
			path = Storyboards;
			sourceTree = "<group>";
		};
		D462F2E127F5291D00152BB5 /* EventsScene */ = {
			isa = PBXGroup;
			children = (
				D408279827F65AF000A0A940 /* TableViewItems */,
				D408278027F53AC300A0A940 /* EventsPresenter.swift */,
				D408278127F53AC300A0A940 /* EventsWorker.swift */,
				D408278227F53AC300A0A940 /* EventsRouter.swift */,
				D408278327F53AC300A0A940 /* EventsModels.swift */,
				D408278427F53AC300A0A940 /* EventsViewController.swift */,
				D408278527F53AC300A0A940 /* EventsInteractor.swift */,
			);
			path = EventsScene;
			sourceTree = "<group>";
		};
		D462F2E227F5292300152BB5 /* OddsSecene */ = {
			isa = PBXGroup;
			children = (
				D408278C27F53D7B00A0A940 /* OddsPresenter.swift */,
				D408278D27F53D7B00A0A940 /* OddsWorker.swift */,
				D408278E27F53D7B00A0A940 /* OddsRouter.swift */,
				D408278F27F53D7B00A0A940 /* OddsModels.swift */,
				D408279027F53D7B00A0A940 /* OddsViewController.swift */,
				D408279127F53D7B00A0A940 /* OddsInteractor.swift */,
			);
			path = OddsSecene;
			sourceTree = "<group>";
		};
/* End PBXGroup section */

/* Begin PBXNativeTarget section */
		D462F2A627F5287A00152BB5 /* Wager */ = {
			isa = PBXNativeTarget;
			buildConfigurationList = D462F2D127F5287C00152BB5 /* Build configuration list for PBXNativeTarget "Wager" */;
			buildPhases = (
				D462F2A327F5287A00152BB5 /* Sources */,
				D462F2A427F5287A00152BB5 /* Frameworks */,
				D462F2A527F5287A00152BB5 /* Resources */,
			);
			buildRules = (
			);
			dependencies = (
			);
			name = Wager;
			packageProductDependencies = (
				D42140E427F52BB70026F363 /* Moya */,
				D42140E727F52C080026F363 /* PromiseKit */,
				D40827AA27F6691400A0A940 /* ProgressHUD */,
			);
			productName = Wager;
			productReference = D462F2A727F5287A00152BB5 /* Wager.app */;
			productType = "com.apple.product-type.application";
		};
		D462F2BC27F5287C00152BB5 /* WagerTests */ = {
			isa = PBXNativeTarget;
			buildConfigurationList = D462F2D427F5287C00152BB5 /* Build configuration list for PBXNativeTarget "WagerTests" */;
			buildPhases = (
				D462F2B927F5287C00152BB5 /* Sources */,
				D462F2BA27F5287C00152BB5 /* Frameworks */,
				D462F2BB27F5287C00152BB5 /* Resources */,
			);
			buildRules = (
			);
			dependencies = (
				D462F2BF27F5287C00152BB5 /* PBXTargetDependency */,
			);
			name = WagerTests;
			productName = WagerTests;
			productReference = D462F2BD27F5287C00152BB5 /* WagerTests.xctest */;
			productType = "com.apple.product-type.bundle.unit-test";
		};
		D462F2C627F5287C00152BB5 /* WagerUITests */ = {
			isa = PBXNativeTarget;
			buildConfigurationList = D462F2D727F5287C00152BB5 /* Build configuration list for PBXNativeTarget "WagerUITests" */;
			buildPhases = (
				D462F2C327F5287C00152BB5 /* Sources */,
				D462F2C427F5287C00152BB5 /* Frameworks */,
				D462F2C527F5287C00152BB5 /* Resources */,
			);
			buildRules = (
			);
			dependencies = (
				D462F2C927F5287C00152BB5 /* PBXTargetDependency */,
			);
			name = WagerUITests;
			productName = WagerUITests;
			productReference = D462F2C727F5287C00152BB5 /* WagerUITests.xctest */;
			productType = "com.apple.product-type.bundle.ui-testing";
		};
/* End PBXNativeTarget section */

/* Begin PBXProject section */
		D462F29F27F5287A00152BB5 /* Project object */ = {
			isa = PBXProject;
			attributes = {
				BuildIndependentTargetsInParallel = 1;
				LastSwiftUpdateCheck = 1330;
				LastUpgradeCheck = 1330;
				TargetAttributes = {
					D462F2A627F5287A00152BB5 = {
						CreatedOnToolsVersion = 13.3;
					};
					D462F2BC27F5287C00152BB5 = {
						CreatedOnToolsVersion = 13.3;
						TestTargetID = D462F2A627F5287A00152BB5;
					};
					D462F2C627F5287C00152BB5 = {
						CreatedOnToolsVersion = 13.3;
						TestTargetID = D462F2A627F5287A00152BB5;
					};
				};
			};
			buildConfigurationList = D462F2A227F5287A00152BB5 /* Build configuration list for PBXProject "Wager" */;
			compatibilityVersion = "Xcode 13.0";
			developmentRegion = en;
			hasScannedForEncodings = 0;
			knownRegions = (
				en,
				Base,
			);
			mainGroup = D462F29E27F5287A00152BB5;
			packageReferences = (
				D42140E327F52BB70026F363 /* XCRemoteSwiftPackageReference "Moya" */,
				D42140E627F52C080026F363 /* XCRemoteSwiftPackageReference "PromiseKit" */,
				D40827A927F6691400A0A940 /* XCRemoteSwiftPackageReference "ProgressHUD" */,
			);
			productRefGroup = D462F2A827F5287A00152BB5 /* Products */;
			projectDirPath = "";
			projectRoot = "";
			targets = (
				D462F2A627F5287A00152BB5 /* Wager */,
				D462F2BC27F5287C00152BB5 /* WagerTests */,
				D462F2C627F5287C00152BB5 /* WagerUITests */,
			);
		};
/* End PBXProject section */

/* Begin PBXResourcesBuildPhase section */
		D462F2A527F5287A00152BB5 /* Resources */ = {
			isa = PBXResourcesBuildPhase;
			buildActionMask = 2147483647;
			files = (
				D462F2B727F5287C00152BB5 /* LaunchScreen.storyboard in Resources */,
				D462F2B427F5287C00152BB5 /* Assets.xcassets in Resources */,
				D462F2B227F5287A00152BB5 /* Sports.storyboard in Resources */,
			);
			runOnlyForDeploymentPostprocessing = 0;
		};
		D462F2BB27F5287C00152BB5 /* Resources */ = {
			isa = PBXResourcesBuildPhase;
			buildActionMask = 2147483647;
			files = (
			);
			runOnlyForDeploymentPostprocessing = 0;
		};
		D462F2C527F5287C00152BB5 /* Resources */ = {
			isa = PBXResourcesBuildPhase;
			buildActionMask = 2147483647;
			files = (
			);
			runOnlyForDeploymentPostprocessing = 0;
		};
/* End PBXResourcesBuildPhase section */

/* Begin PBXSourcesBuildPhase section */
		D462F2A327F5287A00152BB5 /* Sources */ = {
			isa = PBXSourcesBuildPhase;
			buildActionMask = 2147483647;
			files = (
				D408279E27F65B4200A0A940 /* EventTableViewCell.swift in Sources */,
				D408279A27F65B0200A0A940 /* EventsTableViewDelegate.swift in Sources */,
				D408279727F53D7B00A0A940 /* OddsInteractor.swift in Sources */,
				D42140F127F5319B0026F363 /* SportsModel.swift in Sources */,
				D408278B27F53AC300A0A940 /* EventsInteractor.swift in Sources */,
				D408279227F53D7B00A0A940 /* OddsPresenter.swift in Sources */,
				D408278827F53AC300A0A940 /* EventsRouter.swift in Sources */,
				D408279627F53D7B00A0A940 /* OddsViewController.swift in Sources */,
				D42140EE27F52DC00026F363 /* SportsAPI.swift in Sources */,
				D408279427F53D7B00A0A940 /* OddsRouter.swift in Sources */,
				D408279C27F65B0C00A0A940 /* EventsTableViewDataSource.swift in Sources */,
				D408278627F53AC300A0A940 /* EventsPresenter.swift in Sources */,
				D408279527F53D7B00A0A940 /* OddsModels.swift in Sources */,
				D42140EC27F52C870026F363 /* UIViewController+Extension.swift in Sources */,
				D408278727F53AC300A0A940 /* EventsWorker.swift in Sources */,
				D462F2AB27F5287A00152BB5 /* AppDelegate.swift in Sources */,
				D408278A27F53AC300A0A940 /* EventsViewController.swift in Sources */,
				D408277F27F534C800A0A940 /* NetworkManager.swift in Sources */,
				D42140F327F533A10026F363 /* OddsModel.swift in Sources */,
				D42140EA27F52C160026F363 /* Moya+PromiseKit.swift in Sources */,
				D408278927F53AC300A0A940 /* EventsModels.swift in Sources */,
				D462F2AD27F5287A00152BB5 /* SceneDelegate.swift in Sources */,
				D408279327F53D7B00A0A940 /* OddsWorker.swift in Sources */,
			);
			runOnlyForDeploymentPostprocessing = 0;
		};
		D462F2B927F5287C00152BB5 /* Sources */ = {
			isa = PBXSourcesBuildPhase;
			buildActionMask = 2147483647;
			files = (
				D462F2C227F5287C00152BB5 /* WagerTests.swift in Sources */,
			);
			runOnlyForDeploymentPostprocessing = 0;
		};
		D462F2C327F5287C00152BB5 /* Sources */ = {
			isa = PBXSourcesBuildPhase;
			buildActionMask = 2147483647;
			files = (
				D462F2CC27F5287C00152BB5 /* WagerUITests.swift in Sources */,
				D462F2CE27F5287C00152BB5 /* WagerUITestsLaunchTests.swift in Sources */,
			);
			runOnlyForDeploymentPostprocessing = 0;
		};
/* End PBXSourcesBuildPhase section */

/* Begin PBXTargetDependency section */
		D462F2BF27F5287C00152BB5 /* PBXTargetDependency */ = {
			isa = PBXTargetDependency;
			target = D462F2A627F5287A00152BB5 /* Wager */;
			targetProxy = D462F2BE27F5287C00152BB5 /* PBXContainerItemProxy */;
		};
		D462F2C927F5287C00152BB5 /* PBXTargetDependency */ = {
			isa = PBXTargetDependency;
			target = D462F2A627F5287A00152BB5 /* Wager */;
			targetProxy = D462F2C827F5287C00152BB5 /* PBXContainerItemProxy */;
		};
/* End PBXTargetDependency section */

/* Begin PBXVariantGroup section */
		D462F2B027F5287A00152BB5 /* Sports.storyboard */ = {
			isa = PBXVariantGroup;
			children = (
				D462F2B127F5287A00152BB5 /* Base */,
			);
			name = Sports.storyboard;
			sourceTree = "<group>";
		};
		D462F2B527F5287C00152BB5 /* LaunchScreen.storyboard */ = {
			isa = PBXVariantGroup;
			children = (
				D462F2B627F5287C00152BB5 /* Base */,
			);
			name = LaunchScreen.storyboard;
			sourceTree = "<group>";
		};
/* End PBXVariantGroup section */

/* Begin XCBuildConfiguration section */
		D462F2CF27F5287C00152BB5 /* Debug */ = {
			isa = XCBuildConfiguration;
			buildSettings = {
				ALWAYS_SEARCH_USER_PATHS = NO;
				CLANG_ANALYZER_NONNULL = YES;
				CLANG_ANALYZER_NUMBER_OBJECT_CONVERSION = YES_AGGRESSIVE;
				CLANG_CXX_LANGUAGE_STANDARD = "gnu++17";
				CLANG_ENABLE_MODULES = YES;
				CLANG_ENABLE_OBJC_ARC = YES;
				CLANG_ENABLE_OBJC_WEAK = YES;
				CLANG_WARN_BLOCK_CAPTURE_AUTORELEASING = YES;
				CLANG_WARN_BOOL_CONVERSION = YES;
				CLANG_WARN_COMMA = YES;
				CLANG_WARN_CONSTANT_CONVERSION = YES;
				CLANG_WARN_DEPRECATED_OBJC_IMPLEMENTATIONS = YES;
				CLANG_WARN_DIRECT_OBJC_ISA_USAGE = YES_ERROR;
				CLANG_WARN_DOCUMENTATION_COMMENTS = YES;
				CLANG_WARN_EMPTY_BODY = YES;
				CLANG_WARN_ENUM_CONVERSION = YES;
				CLANG_WARN_INFINITE_RECURSION = YES;
				CLANG_WARN_INT_CONVERSION = YES;
				CLANG_WARN_NON_LITERAL_NULL_CONVERSION = YES;
				CLANG_WARN_OBJC_IMPLICIT_RETAIN_SELF = YES;
				CLANG_WARN_OBJC_LITERAL_CONVERSION = YES;
				CLANG_WARN_OBJC_ROOT_CLASS = YES_ERROR;
				CLANG_WARN_QUOTED_INCLUDE_IN_FRAMEWORK_HEADER = YES;
				CLANG_WARN_RANGE_LOOP_ANALYSIS = YES;
				CLANG_WARN_STRICT_PROTOTYPES = YES;
				CLANG_WARN_SUSPICIOUS_MOVE = YES;
				CLANG_WARN_UNGUARDED_AVAILABILITY = YES_AGGRESSIVE;
				CLANG_WARN_UNREACHABLE_CODE = YES;
				CLANG_WARN__DUPLICATE_METHOD_MATCH = YES;
				COPY_PHASE_STRIP = NO;
				DEBUG_INFORMATION_FORMAT = dwarf;
				ENABLE_STRICT_OBJC_MSGSEND = YES;
				ENABLE_TESTABILITY = YES;
				GCC_C_LANGUAGE_STANDARD = gnu11;
				GCC_DYNAMIC_NO_PIC = NO;
				GCC_NO_COMMON_BLOCKS = YES;
				GCC_OPTIMIZATION_LEVEL = 0;
				GCC_PREPROCESSOR_DEFINITIONS = (
					"DEBUG=1",
					"$(inherited)",
				);
				GCC_WARN_64_TO_32_BIT_CONVERSION = YES;
				GCC_WARN_ABOUT_RETURN_TYPE = YES_ERROR;
				GCC_WARN_UNDECLARED_SELECTOR = YES;
				GCC_WARN_UNINITIALIZED_AUTOS = YES_AGGRESSIVE;
				GCC_WARN_UNUSED_FUNCTION = YES;
				GCC_WARN_UNUSED_VARIABLE = YES;
				IPHONEOS_DEPLOYMENT_TARGET = 15.4;
				MTL_ENABLE_DEBUG_INFO = INCLUDE_SOURCE;
				MTL_FAST_MATH = YES;
				ONLY_ACTIVE_ARCH = YES;
				SDKROOT = iphoneos;
				SWIFT_ACTIVE_COMPILATION_CONDITIONS = DEBUG;
				SWIFT_OPTIMIZATION_LEVEL = "-Onone";
			};
			name = Debug;
		};
		D462F2D027F5287C00152BB5 /* Release */ = {
			isa = XCBuildConfiguration;
			buildSettings = {
				ALWAYS_SEARCH_USER_PATHS = NO;
				CLANG_ANALYZER_NONNULL = YES;
				CLANG_ANALYZER_NUMBER_OBJECT_CONVERSION = YES_AGGRESSIVE;
				CLANG_CXX_LANGUAGE_STANDARD = "gnu++17";
				CLANG_ENABLE_MODULES = YES;
				CLANG_ENABLE_OBJC_ARC = YES;
				CLANG_ENABLE_OBJC_WEAK = YES;
				CLANG_WARN_BLOCK_CAPTURE_AUTORELEASING = YES;
				CLANG_WARN_BOOL_CONVERSION = YES;
				CLANG_WARN_COMMA = YES;
				CLANG_WARN_CONSTANT_CONVERSION = YES;
				CLANG_WARN_DEPRECATED_OBJC_IMPLEMENTATIONS = YES;
				CLANG_WARN_DIRECT_OBJC_ISA_USAGE = YES_ERROR;
				CLANG_WARN_DOCUMENTATION_COMMENTS = YES;
				CLANG_WARN_EMPTY_BODY = YES;
				CLANG_WARN_ENUM_CONVERSION = YES;
				CLANG_WARN_INFINITE_RECURSION = YES;
				CLANG_WARN_INT_CONVERSION = YES;
				CLANG_WARN_NON_LITERAL_NULL_CONVERSION = YES;
				CLANG_WARN_OBJC_IMPLICIT_RETAIN_SELF = YES;
				CLANG_WARN_OBJC_LITERAL_CONVERSION = YES;
				CLANG_WARN_OBJC_ROOT_CLASS = YES_ERROR;
				CLANG_WARN_QUOTED_INCLUDE_IN_FRAMEWORK_HEADER = YES;
				CLANG_WARN_RANGE_LOOP_ANALYSIS = YES;
				CLANG_WARN_STRICT_PROTOTYPES = YES;
				CLANG_WARN_SUSPICIOUS_MOVE = YES;
				CLANG_WARN_UNGUARDED_AVAILABILITY = YES_AGGRESSIVE;
				CLANG_WARN_UNREACHABLE_CODE = YES;
				CLANG_WARN__DUPLICATE_METHOD_MATCH = YES;
				COPY_PHASE_STRIP = NO;
				DEBUG_INFORMATION_FORMAT = "dwarf-with-dsym";
				ENABLE_NS_ASSERTIONS = NO;
				ENABLE_STRICT_OBJC_MSGSEND = YES;
				GCC_C_LANGUAGE_STANDARD = gnu11;
				GCC_NO_COMMON_BLOCKS = YES;
				GCC_WARN_64_TO_32_BIT_CONVERSION = YES;
				GCC_WARN_ABOUT_RETURN_TYPE = YES_ERROR;
				GCC_WARN_UNDECLARED_SELECTOR = YES;
				GCC_WARN_UNINITIALIZED_AUTOS = YES_AGGRESSIVE;
				GCC_WARN_UNUSED_FUNCTION = YES;
				GCC_WARN_UNUSED_VARIABLE = YES;
				IPHONEOS_DEPLOYMENT_TARGET = 15.4;
				MTL_ENABLE_DEBUG_INFO = NO;
				MTL_FAST_MATH = YES;
				SDKROOT = iphoneos;
				SWIFT_COMPILATION_MODE = wholemodule;
				SWIFT_OPTIMIZATION_LEVEL = "-O";
				VALIDATE_PRODUCT = YES;
			};
			name = Release;
		};
		D462F2D227F5287C00152BB5 /* Debug */ = {
			isa = XCBuildConfiguration;
			buildSettings = {
				API_KEY = cb3cfc1fe790b8e91c18ece12a6bf845;
				ASSETCATALOG_COMPILER_APPICON_NAME = AppIcon;
				ASSETCATALOG_COMPILER_GLOBAL_ACCENT_COLOR_NAME = AccentColor;
				BASE_API_URL = "https://api.the-odds-api.com/v4";
				CODE_SIGN_STYLE = Automatic;
				CURRENT_PROJECT_VERSION = 1;
				DEVELOPMENT_TEAM = 5E4D76734L;
				GENERATE_INFOPLIST_FILE = YES;
				INFOPLIST_FILE = Wager/Plists/Info.plist;
				INFOPLIST_KEY_UIApplicationSupportsIndirectInputEvents = YES;
				INFOPLIST_KEY_UILaunchStoryboardName = LaunchScreen;
				INFOPLIST_KEY_UIMainStoryboardFile = Sports;
				INFOPLIST_KEY_UISupportedInterfaceOrientations = UIInterfaceOrientationPortrait;
				INFOPLIST_KEY_UISupportedInterfaceOrientations_iPad = "UIInterfaceOrientationPortrait UIInterfaceOrientationPortraitUpsideDown UIInterfaceOrientationLandscapeLeft UIInterfaceOrientationLandscapeRight";
				INFOPLIST_KEY_UISupportedInterfaceOrientations_iPhone = "UIInterfaceOrientationPortrait UIInterfaceOrientationLandscapeLeft UIInterfaceOrientationLandscapeRight";
				IPHONEOS_DEPLOYMENT_TARGET = 15.0;
				LD_RUNPATH_SEARCH_PATHS = (
					"$(inherited)",
					"@executable_path/Frameworks",
				);
				MARKETING_VERSION = 1.0;
				PRODUCT_BUNDLE_IDENTIFIER = com.test.Wager;
				PRODUCT_NAME = "$(TARGET_NAME)";
				SWIFT_EMIT_LOC_STRINGS = YES;
				SWIFT_VERSION = 5.0;
				TARGETED_DEVICE_FAMILY = 1;
			};
			name = Debug;
		};
		D462F2D327F5287C00152BB5 /* Release */ = {
			isa = XCBuildConfiguration;
			buildSettings = {
				API_KEY = cb3cfc1fe790b8e91c18ece12a6bf845;
				ASSETCATALOG_COMPILER_APPICON_NAME = AppIcon;
				ASSETCATALOG_COMPILER_GLOBAL_ACCENT_COLOR_NAME = AccentColor;
				BASE_API_URL = "https://api.the-odds-api.com/v4";
				CODE_SIGN_STYLE = Automatic;
				CURRENT_PROJECT_VERSION = 1;
				DEVELOPMENT_TEAM = 5E4D76734L;
				GENERATE_INFOPLIST_FILE = YES;
				INFOPLIST_FILE = Wager/Plists/Info.plist;
				INFOPLIST_KEY_UIApplicationSupportsIndirectInputEvents = YES;
				INFOPLIST_KEY_UILaunchStoryboardName = LaunchScreen;
				INFOPLIST_KEY_UIMainStoryboardFile = Sports;
				INFOPLIST_KEY_UISupportedInterfaceOrientations = UIInterfaceOrientationPortrait;
				INFOPLIST_KEY_UISupportedInterfaceOrientations_iPad = "UIInterfaceOrientationPortrait UIInterfaceOrientationPortraitUpsideDown UIInterfaceOrientationLandscapeLeft UIInterfaceOrientationLandscapeRight";
				INFOPLIST_KEY_UISupportedInterfaceOrientations_iPhone = "UIInterfaceOrientationPortrait UIInterfaceOrientationLandscapeLeft UIInterfaceOrientationLandscapeRight";
				IPHONEOS_DEPLOYMENT_TARGET = 15.0;
				LD_RUNPATH_SEARCH_PATHS = (
					"$(inherited)",
					"@executable_path/Frameworks",
				);
				MARKETING_VERSION = 1.0;
				PRODUCT_BUNDLE_IDENTIFIER = com.test.Wager;
				PRODUCT_NAME = "$(TARGET_NAME)";
				SWIFT_EMIT_LOC_STRINGS = YES;
				SWIFT_VERSION = 5.0;
				TARGETED_DEVICE_FAMILY = 1;
			};
			name = Release;
		};
		D462F2D527F5287C00152BB5 /* Debug */ = {
			isa = XCBuildConfiguration;
			buildSettings = {
				ALWAYS_EMBED_SWIFT_STANDARD_LIBRARIES = YES;
				BUNDLE_LOADER = "$(TEST_HOST)";
				CODE_SIGN_STYLE = Automatic;
				CURRENT_PROJECT_VERSION = 1;
				GENERATE_INFOPLIST_FILE = YES;
				IPHONEOS_DEPLOYMENT_TARGET = 15.4;
				MARKETING_VERSION = 1.0;
				PRODUCT_BUNDLE_IDENTIFIER = com.blynr.WagerTests;
				PRODUCT_NAME = "$(TARGET_NAME)";
				SWIFT_EMIT_LOC_STRINGS = NO;
				SWIFT_VERSION = 5.0;
				TARGETED_DEVICE_FAMILY = "1,2";
				TEST_HOST = "$(BUILT_PRODUCTS_DIR)/Wager.app/Wager";
			};
			name = Debug;
		};
		D462F2D627F5287C00152BB5 /* Release */ = {
			isa = XCBuildConfiguration;
			buildSettings = {
				ALWAYS_EMBED_SWIFT_STANDARD_LIBRARIES = YES;
				BUNDLE_LOADER = "$(TEST_HOST)";
				CODE_SIGN_STYLE = Automatic;
				CURRENT_PROJECT_VERSION = 1;
				GENERATE_INFOPLIST_FILE = YES;
				IPHONEOS_DEPLOYMENT_TARGET = 15.4;
				MARKETING_VERSION = 1.0;
				PRODUCT_BUNDLE_IDENTIFIER = com.blynr.WagerTests;
				PRODUCT_NAME = "$(TARGET_NAME)";
				SWIFT_EMIT_LOC_STRINGS = NO;
				SWIFT_VERSION = 5.0;
				TARGETED_DEVICE_FAMILY = "1,2";
				TEST_HOST = "$(BUILT_PRODUCTS_DIR)/Wager.app/Wager";
			};
			name = Release;
		};
		D462F2D827F5287C00152BB5 /* Debug */ = {
			isa = XCBuildConfiguration;
			buildSettings = {
				ALWAYS_EMBED_SWIFT_STANDARD_LIBRARIES = YES;
				CODE_SIGN_STYLE = Automatic;
				CURRENT_PROJECT_VERSION = 1;
				GENERATE_INFOPLIST_FILE = YES;
				MARKETING_VERSION = 1.0;
				PRODUCT_BUNDLE_IDENTIFIER = com.blynr.WagerUITests;
				PRODUCT_NAME = "$(TARGET_NAME)";
				SWIFT_EMIT_LOC_STRINGS = NO;
				SWIFT_VERSION = 5.0;
				TARGETED_DEVICE_FAMILY = "1,2";
				TEST_TARGET_NAME = Wager;
			};
			name = Debug;
		};
		D462F2D927F5287C00152BB5 /* Release */ = {
			isa = XCBuildConfiguration;
			buildSettings = {
				ALWAYS_EMBED_SWIFT_STANDARD_LIBRARIES = YES;
				CODE_SIGN_STYLE = Automatic;
				CURRENT_PROJECT_VERSION = 1;
				GENERATE_INFOPLIST_FILE = YES;
				MARKETING_VERSION = 1.0;
				PRODUCT_BUNDLE_IDENTIFIER = com.blynr.WagerUITests;
				PRODUCT_NAME = "$(TARGET_NAME)";
				SWIFT_EMIT_LOC_STRINGS = NO;
				SWIFT_VERSION = 5.0;
				TARGETED_DEVICE_FAMILY = "1,2";
				TEST_TARGET_NAME = Wager;
			};
			name = Release;
		};
/* End XCBuildConfiguration section */

/* Begin XCConfigurationList section */
		D462F2A227F5287A00152BB5 /* Build configuration list for PBXProject "Wager" */ = {
			isa = XCConfigurationList;
			buildConfigurations = (
				D462F2CF27F5287C00152BB5 /* Debug */,
				D462F2D027F5287C00152BB5 /* Release */,
			);
			defaultConfigurationIsVisible = 0;
			defaultConfigurationName = Release;
		};
		D462F2D127F5287C00152BB5 /* Build configuration list for PBXNativeTarget "Wager" */ = {
			isa = XCConfigurationList;
			buildConfigurations = (
				D462F2D227F5287C00152BB5 /* Debug */,
				D462F2D327F5287C00152BB5 /* Release */,
			);
			defaultConfigurationIsVisible = 0;
			defaultConfigurationName = Release;
		};
		D462F2D427F5287C00152BB5 /* Build configuration list for PBXNativeTarget "WagerTests" */ = {
			isa = XCConfigurationList;
			buildConfigurations = (
				D462F2D527F5287C00152BB5 /* Debug */,
				D462F2D627F5287C00152BB5 /* Release */,
			);
			defaultConfigurationIsVisible = 0;
			defaultConfigurationName = Release;
		};
		D462F2D727F5287C00152BB5 /* Build configuration list for PBXNativeTarget "WagerUITests" */ = {
			isa = XCConfigurationList;
			buildConfigurations = (
				D462F2D827F5287C00152BB5 /* Debug */,
				D462F2D927F5287C00152BB5 /* Release */,
			);
			defaultConfigurationIsVisible = 0;
			defaultConfigurationName = Release;
		};
/* End XCConfigurationList section */

/* Begin XCRemoteSwiftPackageReference section */
		D40827A927F6691400A0A940 /* XCRemoteSwiftPackageReference "ProgressHUD" */ = {
			isa = XCRemoteSwiftPackageReference;
			repositoryURL = "https://github.com/relatedcode/ProgressHUD";
			requirement = {
				kind = upToNextMajorVersion;
				minimumVersion = 13.0.0;
			};
		};
		D42140E327F52BB70026F363 /* XCRemoteSwiftPackageReference "Moya" */ = {
			isa = XCRemoteSwiftPackageReference;
			repositoryURL = "https://github.com/Moya/Moya.git";
			requirement = {
				branch = master;
				kind = branch;
			};
		};
		D42140E627F52C080026F363 /* XCRemoteSwiftPackageReference "PromiseKit" */ = {
			isa = XCRemoteSwiftPackageReference;
			repositoryURL = "https://github.com/mxcl/PromiseKit.git";
			requirement = {
				kind = upToNextMajorVersion;
				minimumVersion = 6.0.0;
			};
		};
/* End XCRemoteSwiftPackageReference section */

/* Begin XCSwiftPackageProductDependency section */
		D40827AA27F6691400A0A940 /* ProgressHUD */ = {
			isa = XCSwiftPackageProductDependency;
			package = D40827A927F6691400A0A940 /* XCRemoteSwiftPackageReference "ProgressHUD" */;
			productName = ProgressHUD;
		};
		D42140E427F52BB70026F363 /* Moya */ = {
			isa = XCSwiftPackageProductDependency;
			package = D42140E327F52BB70026F363 /* XCRemoteSwiftPackageReference "Moya" */;
			productName = Moya;
		};
		D42140E727F52C080026F363 /* PromiseKit */ = {
			isa = XCSwiftPackageProductDependency;
			package = D42140E627F52C080026F363 /* XCRemoteSwiftPackageReference "PromiseKit" */;
			productName = PromiseKit;
		};
/* End XCSwiftPackageProductDependency section */
	};
	rootObject = D462F29F27F5287A00152BB5 /* Project object */;
}
